
Microsoft Visual Studio Solution File, Format Version 12.00
# Visual Studio Version 16
VisualStudioVersion = 16.0.32901.82
MinimumVisualStudioVersion = 10.0.40219.1
Project("{FAE04EC0-301F-11D3-BF4B-00C04F79EFBC}") = "RabbitMq.Publisher", "RabbitMq.Publisher\RabbitMq.Publisher.csproj", "{EE8411D3-B838-4CCD-9E3F-11A2C7DF7D2E}"
EndProject
Project("{FAE04EC0-301F-11D3-BF4B-00C04F79EFBC}") = "RabbitMq.Subscriber", "RabbitMq.Subscriber\RabbitMq.Subscriber.csproj", "{ADCA5E1E-8BA3-464C-BBFD-FF05CBEA9201}"
EndProject
Global
	GlobalSection(SolutionConfigurationPlatforms) = preSolution
		Debug|Any CPU = Debug|Any CPU
		Release|Any CPU = Release|Any CPU
	EndGlobalSection
	GlobalSection(ProjectConfigurationPlatforms) = postSolution
		{EE8411D3-B838-4CCD-9E3F-11A2C7DF7D2E}.Debug|Any CPU.ActiveCfg = Debug|Any CPU
		{EE8411D3-B838-4CCD-9E3F-11A2C7DF7D2E}.Debug|Any CPU.Build.0 = Debug|Any CPU
		{EE8411D3-B838-4CCD-9E3F-11A2C7DF7D2E}.Release|Any CPU.ActiveCfg = Release|Any CPU
		{EE8411D3-B838-4CCD-9E3F-11A2C7DF7D2E}.Release|Any CPU.Build.0 = Release|Any CPU
		{ADCA5E1E-8BA3-464C-BBFD-FF05CBEA9201}.Debug|Any CPU.ActiveCfg = Debug|Any CPU
		{ADCA5E1E-8BA3-464C-BBFD-FF05CBEA9201}.Debug|Any CPU.Build.0 = Debug|Any CPU
		{ADCA5E1E-8BA3-464C-BBFD-FF05CBEA9201}.Release|Any CPU.ActiveCfg = Release|Any CPU
		{ADCA5E1E-8BA3-464C-BBFD-FF05CBEA9201}.Release|Any CPU.Build.0 = Release|Any CPU
	EndGlobalSection
	GlobalSection(SolutionProperties) = preSolution
		HideSolutionNode = FALSE
	EndGlobalSection
	GlobalSection(ExtensibilityGlobals) = postSolution
		SolutionGuid = {ECCE215D-660A-40CD-926E-24488A10175F}
	EndGlobalSection
EndGlobal
